
Microsoft Visual Studio Solution File, Format Version 12.00
Project("{FAE04EC0-301F-11D3-BF4B-00C04F79EFBC}") = "FlappyBird", "FlappyBird\FlappyBird.csproj", "{92262833-9B25-4210-8C36-33BE7936F775}"
EndProject
Project("{FAE04EC0-301F-11D3-BF4B-00C04F79EFBC}") = "FNA.Core", "..\libs\FNA\FNA.Core.csproj", "{1D2D7D32-D5DF-4FA4-959A-80560F36498A}"
EndProject
Global
	GlobalSection(SolutionConfigurationPlatforms) = preSolution
		Debug|Any CPU = Debug|Any CPU
		Release|Any CPU = Release|Any CPU
	EndGlobalSection
	GlobalSection(ProjectConfigurationPlatforms) = postSolution
		{92262833-9B25-4210-8C36-33BE7936F775}.Debug|Any CPU.ActiveCfg = Debug|Any CPU
		{92262833-9B25-4210-8C36-33BE7936F775}.Debug|Any CPU.Build.0 = Debug|Any CPU
		{92262833-9B25-4210-8C36-33BE7936F775}.Release|Any CPU.ActiveCfg = Release|Any CPU
		{92262833-9B25-4210-8C36-33BE7936F775}.Release|Any CPU.Build.0 = Release|Any CPU
		{9524E55F-DBB9-4847-BE59-4F94D0EDE056}.Debug|Any CPU.ActiveCfg = Debug|Any CPU
		{9524E55F-DBB9-4847-BE59-4F94D0EDE056}.Debug|Any CPU.Build.0 = Debug|Any CPU
		{9524E55F-DBB9-4847-BE59-4F94D0EDE056}.Release|Any CPU.ActiveCfg = Release|Any CPU
		{9524E55F-DBB9-4847-BE59-4F94D0EDE056}.Release|Any CPU.Build.0 = Release|Any CPU
		{1D2D7D32-D5DF-4FA4-959A-80560F36498A}.Debug|Any CPU.ActiveCfg = Debug|Any CPU
		{1D2D7D32-D5DF-4FA4-959A-80560F36498A}.Debug|Any CPU.Build.0 = Debug|Any CPU
		{1D2D7D32-D5DF-4FA4-959A-80560F36498A}.Release|Any CPU.ActiveCfg = Release|Any CPU
		{1D2D7D32-D5DF-4FA4-959A-80560F36498A}.Release|Any CPU.Build.0 = Release|Any CPU
	EndGlobalSection
EndGlobal
